Microsoft Visual Studio Solution File, Format Version 11.00
# Visual Studio 2008

Project("{BF11E4B7-CAAA-9F57-7095-6B919763272D}") = "kansaigame", "Assembly-CSharp.csproj", "{65444C47-3BA3-9A62-1F38-AEC9E6A94A4F}"
EndProject
Project("{BF11E4B7-CAAA-9F57-7095-6B919763272D}") = "kansaigame", "Assembly-UnityScript.unityproj", "{BC94870E-E94C-564A-B9E7-6D8782E9E78D}"
EndProject
Global
	GlobalSection(SolutionConfigurationPlatforms) = preSolution
		Debug|Any CPU = Debug|Any CPU
		Release|Any CPU = Release|Any CPU
	EndGlobalSection
	GlobalSection(ProjectConfigurationPlatforms) = postSolution
		{65444C47-3BA3-9A62-1F38-AEC9E6A94A4F}.Debug|Any CPU.ActiveCfg = Debug|Any CPU
		{65444C47-3BA3-9A62-1F38-AEC9E6A94A4F}.Debug|Any CPU.Build.0 = Debug|Any CPU
		{65444C47-3BA3-9A62-1F38-AEC9E6A94A4F}.Release|Any CPU.ActiveCfg = Release|Any CPU
		{65444C47-3BA3-9A62-1F38-AEC9E6A94A4F}.Release|Any CPU.Build.0 = Release|Any CPU
		{BC94870E-E94C-564A-B9E7-6D8782E9E78D}.Debug|Any CPU.ActiveCfg = Debug|Any CPU
		{BC94870E-E94C-564A-B9E7-6D8782E9E78D}.Debug|Any CPU.Build.0 = Debug|Any CPU
		{BC94870E-E94C-564A-B9E7-6D8782E9E78D}.Release|Any CPU.ActiveCfg = Release|Any CPU
		{BC94870E-E94C-564A-B9E7-6D8782E9E78D}.Release|Any CPU.Build.0 = Release|Any CPU
	EndGlobalSection
	GlobalSection(SolutionProperties) = preSolution
		HideSolutionNode = FALSE
	EndGlobalSection
													GlobalSection(MonoDevelopProperties) = preSolution
		StartupItem = Assembly-CSharp.csproj
		Policies = $0
		$0.TextStylePolicy = $1
		$1.inheritsSet = null
		$1.scope = text/x-csharp
		$0.CSharpFormattingPolicy = $2
		$2.inheritsSet = Mono
		$2.inheritsScope = text/x-csharp
		$2.scope = text/x-csharp
		$0.TextStylePolicy = $3
		$3.FileWidth = 120
		$3.TabWidth = 4
		$3.IndentWidth = 4
		$3.EolMarker = Unix
		$3.inheritsSet = Mono
		$3.inheritsScope = text/plain
		$3.scope = text/plain
	EndGlobalSection

EndGlobal
